// !$*UTF8*$!
{
	archiveVersion = 1;
	classes = {
	};
	objectVersion = 50;
	objects = {

/* Begin PBXBuildFile section */
		7D8CA2AF212E4B88005AF67D /* ItemTableViewCell.swift in Sources */ = {isa = PBXBuildFile; fileRef = 7D8CA2AE212E4B88005AF67D /* ItemTableViewCell.swift */; };
		7DB8F96E212DE21000315B5B /* AppDelegate.swift in Sources */ = {isa = PBXBuildFile; fileRef = 7DB8F96D212DE21000315B5B /* AppDelegate.swift */; };
		7DB8F970212DE21000315B5B /* ViewController.swift in Sources */ = {isa = PBXBuildFile; fileRef = 7DB8F96F212DE21000315B5B /* ViewController.swift */; };
		7DB8F973212DE21000315B5B /* Main.storyboard in Resources */ = {isa = PBXBuildFile; fileRef = 7DB8F971212DE21000315B5B /* Main.storyboard */; };
		7DB8F975212DE21100315B5B /* Assets.xcassets in Resources */ = {isa = PBXBuildFile; fileRef = 7DB8F974212DE21100315B5B /* Assets.xcassets */; };
		7DB8F978212DE21100315B5B /* LaunchScreen.storyboard in Resources */ = {isa = PBXBuildFile; fileRef = 7DB8F976212DE21100315B5B /* LaunchScreen.storyboard */; };
		7DB8F983212DE21100315B5B /* ShoppingListTests.swift in Sources */ = {isa = PBXBuildFile; fileRef = 7DB8F982212DE21100315B5B /* ShoppingListTests.swift */; };
		7DB8F98E212DE21100315B5B /* ShoppingListUITests.swift in Sources */ = {isa = PBXBuildFile; fileRef = 7DB8F98D212DE21100315B5B /* ShoppingListUITests.swift */; };
		7DB8F9A1212DE7E100315B5B /* Item.swift in Sources */ = {isa = PBXBuildFile; fileRef = 7DB8F9A0212DE7E100315B5B /* Item.swift */; };
		7DB8F9A4212DEDAF00315B5B /* AddObjectViewController.swift in Sources */ = {isa = PBXBuildFile; fileRef = 7DB8F9A3212DEDAF00315B5B /* AddObjectViewController.swift */; };
		7DB8F9A6212E2E2F00315B5B /* EditingStoryboard.storyboard in Resources */ = {isa = PBXBuildFile; fileRef = 7DB8F9A5212E2E2F00315B5B /* EditingStoryboard.storyboard */; };
		F112073A212DEA4F00AAB353 /* ListItem.m in Sources */ = {isa = PBXBuildFile; fileRef = F1120739212DEA4F00AAB353 /* ListItem.m */; };
		F112073C212E174800AAB353 /* DemoData.swift in Sources */ = {isa = PBXBuildFile; fileRef = F112073B212E174800AAB353 /* DemoData.swift */; };
		F16F8273212F50AF00135448 /* DemoData+AddToItemAmount.swift in Sources */ = {isa = PBXBuildFile; fileRef = F16F8272212F50AF00135448 /* DemoData+AddToItemAmount.swift */; };
		F16F8275212F50FD00135448 /* DemoData+SubtractFromItemAmount.swift in Sources */ = {isa = PBXBuildFile; fileRef = F16F8274212F50FD00135448 /* DemoData+SubtractFromItemAmount.swift */; };
		F1CA12B9212F7C9D000256C1 /* MyProtocol.swift in Sources */ = {isa = PBXBuildFile; fileRef = F1CA12B8212F7C9D000256C1 /* MyProtocol.swift */; };
		F1DA98BB212F31E50079105F /* DemoData+RemoveItem.swift in Sources */ = {isa = PBXBuildFile; fileRef = F1DA98BA212F31E50079105F /* DemoData+RemoveItem.swift */; };
		F1DA98BD212F325D0079105F /* DemoData+AddListItem.swift in Sources */ = {isa = PBXBuildFile; fileRef = F1DA98BC212F325D0079105F /* DemoData+AddListItem.swift */; };
		F1DA98BF212F328C0079105F /* DemoData+MarkListItem.swift in Sources */ = {isa = PBXBuildFile; fileRef = F1DA98BE212F328C0079105F /* DemoData+MarkListItem.swift */; };
		F1DA98C1212F32A90079105F /* DemoData+SortEntireList.swift in Sources */ = {isa = PBXBuildFile; fileRef = F1DA98C0212F32A90079105F /* DemoData+SortEntireList.swift */; };
/* End PBXBuildFile section */

/* Begin PBXContainerItemProxy section */
		7DB8F97F212DE21100315B5B /* PBXContainerItemProxy */ = {
			isa = PBXContainerItemProxy;
			containerPortal = 7DB8F962212DE21000315B5B /* Project object */;
			proxyType = 1;
			remoteGlobalIDString = 7DB8F969212DE21000315B5B;
			remoteInfo = ShoppingList;
		};
		7DB8F98A212DE21100315B5B /* PBXContainerItemProxy */ = {
			isa = PBXContainerItemProxy;
			containerPortal = 7DB8F962212DE21000315B5B /* Project object */;
			proxyType = 1;
			remoteGlobalIDString = 7DB8F969212DE21000315B5B;
			remoteInfo = ShoppingList;
		};
/* End PBXContainerItemProxy section */

/* Begin PBXFileReference section */
		7D8CA2AE212E4B88005AF67D /* ItemTableViewCell.swift */ = {isa = PBXFileReference; lastKnownFileType = sourcecode.swift; path = ItemTableViewCell.swift; sourceTree = "<group>"; };
		7DB8F96A212DE21000315B5B /* ShoppingList.app */ = {isa = PBXFileReference; explicitFileType = wrapper.application; includeInIndex = 0; path = ShoppingList.app; sourceTree = BUILT_PRODUCTS_DIR; };
		7DB8F96D212DE21000315B5B /* AppDelegate.swift */ = {isa = PBXFileReference; lastKnownFileType = sourcecode.swift; path = AppDelegate.swift; sourceTree = "<group>"; };
		7DB8F96F212DE21000315B5B /* ViewController.swift */ = {isa = PBXFileReference; lastKnownFileType = sourcecode.swift; path = ViewController.swift; sourceTree = "<group>"; };
		7DB8F972212DE21000315B5B /* Base */ = {isa = PBXFileReference; lastKnownFileType = file.storyboard; name = Base; path = Base.lproj/Main.storyboard; sourceTree = "<group>"; };
		7DB8F974212DE21100315B5B /* Assets.xcassets */ = {isa = PBXFileReference; lastKnownFileType = folder.assetcatalog; path = Assets.xcassets; sourceTree = "<group>"; };
		7DB8F977212DE21100315B5B /* Base */ = {isa = PBXFileReference; lastKnownFileType = file.storyboard; name = Base; path = Base.lproj/LaunchScreen.storyboard; sourceTree = "<group>"; };
		7DB8F979212DE21100315B5B /* Info.plist */ = {isa = PBXFileReference; lastKnownFileType = text.plist.xml; path = Info.plist; sourceTree = "<group>"; };
		7DB8F97E212DE21100315B5B /* ShoppingListTests.xctest */ = {isa = PBXFileReference; explicitFileType = wrapper.cfbundle; includeInIndex = 0; path = ShoppingListTests.xctest; sourceTree = BUILT_PRODUCTS_DIR; };
		7DB8F982212DE21100315B5B /* ShoppingListTests.swift */ = {isa = PBXFileReference; lastKnownFileType = sourcecode.swift; path = ShoppingListTests.swift; sourceTree = "<group>"; };
		7DB8F984212DE21100315B5B /* Info.plist */ = {isa = PBXFileReference; lastKnownFileType = text.plist.xml; path = Info.plist; sourceTree = "<group>"; };
		7DB8F989212DE21100315B5B /* ShoppingListUITests.xctest */ = {isa = PBXFileReference; explicitFileType = wrapper.cfbundle; includeInIndex = 0; path = ShoppingListUITests.xctest; sourceTree = BUILT_PRODUCTS_DIR; };
		7DB8F98D212DE21100315B5B /* ShoppingListUITests.swift */ = {isa = PBXFileReference; lastKnownFileType = sourcecode.swift; path = ShoppingListUITests.swift; sourceTree = "<group>"; };
		7DB8F98F212DE21100315B5B /* Info.plist */ = {isa = PBXFileReference; lastKnownFileType = text.plist.xml; path = Info.plist; sourceTree = "<group>"; };
		7DB8F9A0212DE7E100315B5B /* Item.swift */ = {isa = PBXFileReference; lastKnownFileType = sourcecode.swift; path = Item.swift; sourceTree = "<group>"; };
		7DB8F9A3212DEDAF00315B5B /* AddObjectViewController.swift */ = {isa = PBXFileReference; lastKnownFileType = sourcecode.swift; path = AddObjectViewController.swift; sourceTree = "<group>"; };
		7DB8F9A5212E2E2F00315B5B /* EditingStoryboard.storyboard */ = {isa = PBXFileReference; lastKnownFileType = file.storyboard; path = EditingStoryboard.storyboard; sourceTree = "<group>"; };
		F1120737212DEA4F00AAB353 /* ShoppingList-Bridging-Header.h */ = {isa = PBXFileReference; lastKnownFileType = sourcecode.c.h; path = "ShoppingList-Bridging-Header.h"; sourceTree = "<group>"; };
		F1120738212DEA4F00AAB353 /* ListItem.h */ = {isa = PBXFileReference; lastKnownFileType = sourcecode.c.h; path = ListItem.h; sourceTree = "<group>"; };
		F1120739212DEA4F00AAB353 /* ListItem.m */ = {isa = PBXFileReference; lastKnownFileType = sourcecode.c.objc; path = ListItem.m; sourceTree = "<group>"; };
		F112073B212E174800AAB353 /* DemoData.swift */ = {isa = PBXFileReference; lastKnownFileType = sourcecode.swift; path = DemoData.swift; sourceTree = "<group>"; };
		F16F8272212F50AF00135448 /* DemoData+AddToItemAmount.swift */ = {isa = PBXFileReference; lastKnownFileType = sourcecode.swift; path = "DemoData+AddToItemAmount.swift"; sourceTree = "<group>"; };
		F16F8274212F50FD00135448 /* DemoData+SubtractFromItemAmount.swift */ = {isa = PBXFileReference; lastKnownFileType = sourcecode.swift; path = "DemoData+SubtractFromItemAmount.swift"; sourceTree = "<group>"; };
		F1CA12B8212F7C9D000256C1 /* MyProtocol.swift */ = {isa = PBXFileReference; lastKnownFileType = sourcecode.swift; path = MyProtocol.swift; sourceTree = "<group>"; };
		F1DA98BA212F31E50079105F /* DemoData+RemoveItem.swift */ = {isa = PBXFileReference; lastKnownFileType = sourcecode.swift; path = "DemoData+RemoveItem.swift"; sourceTree = "<group>"; };
		F1DA98BC212F325D0079105F /* DemoData+AddListItem.swift */ = {isa = PBXFileReference; lastKnownFileType = sourcecode.swift; path = "DemoData+AddListItem.swift"; sourceTree = "<group>"; };
		F1DA98BE212F328C0079105F /* DemoData+MarkListItem.swift */ = {isa = PBXFileReference; lastKnownFileType = sourcecode.swift; path = "DemoData+MarkListItem.swift"; sourceTree = "<group>"; };
		F1DA98C0212F32A90079105F /* DemoData+SortEntireList.swift */ = {isa = PBXFileReference; lastKnownFileType = sourcecode.swift; path = "DemoData+SortEntireList.swift"; sourceTree = "<group>"; };
/* End PBXFileReference section */

/* Begin PBXFrameworksBuildPhase section */
		7DB8F967212DE21000315B5B /* Frameworks */ = {
			isa = PBXFrameworksBuildPhase;
			buildActionMask = 2147483647;
			files = (
			);
			runOnlyForDeploymentPostprocessing = 0;
		};
		7DB8F97B212DE21100315B5B /* Frameworks */ = {
			isa = PBXFrameworksBuildPhase;
			buildActionMask = 2147483647;
			files = (
			);
			runOnlyForDeploymentPostprocessing = 0;
		};
		7DB8F986212DE21100315B5B /* Frameworks */ = {
			isa = PBXFrameworksBuildPhase;
			buildActionMask = 2147483647;
			files = (
			);
			runOnlyForDeploymentPostprocessing = 0;
		};
/* End PBXFrameworksBuildPhase section */

/* Begin PBXGroup section */
		7DB8F961212DE21000315B5B = {
			isa = PBXGroup;
			children = (
				7DB8F96C212DE21000315B5B /* ShoppingList */,
				7DB8F981212DE21100315B5B /* ShoppingListTests */,
				7DB8F98C212DE21100315B5B /* ShoppingListUITests */,
				7DB8F96B212DE21000315B5B /* Products */,
			);
			sourceTree = "<group>";
		};
		7DB8F96B212DE21000315B5B /* Products */ = {
			isa = PBXGroup;
			children = (
				7DB8F96A212DE21000315B5B /* ShoppingList.app */,
				7DB8F97E212DE21100315B5B /* ShoppingListTests.xctest */,
				7DB8F989212DE21100315B5B /* ShoppingListUITests.xctest */,
			);
			name = Products;
			sourceTree = "<group>";
		};
		7DB8F96C212DE21000315B5B /* ShoppingList */ = {
			isa = PBXGroup;
			children = (
				7DB8F9A2212DE7E700315B5B /* Model */,
				7DB8F99F212DE54A00315B5B /* View */,
				7DB8F99B212DE47400315B5B /* Controller */,
				7DB8F99C212DE48900315B5B /* Storyboards */,
				7DB8F974212DE21100315B5B /* Assets.xcassets */,
				7DB8F979212DE21100315B5B /* Info.plist */,
				7DB8F96D212DE21000315B5B /* AppDelegate.swift */,
			);
			path = ShoppingList;
			sourceTree = "<group>";
		};
		7DB8F981212DE21100315B5B /* ShoppingListTests */ = {
			isa = PBXGroup;
			children = (
				7DB8F982212DE21100315B5B /* ShoppingListTests.swift */,
				7DB8F984212DE21100315B5B /* Info.plist */,
			);
			path = ShoppingListTests;
			sourceTree = "<group>";
		};
		7DB8F98C212DE21100315B5B /* ShoppingListUITests */ = {
			isa = PBXGroup;
			children = (
				7DB8F98D212DE21100315B5B /* ShoppingListUITests.swift */,
				7DB8F98F212DE21100315B5B /* Info.plist */,
			);
			path = ShoppingListUITests;
			sourceTree = "<group>";
		};
		7DB8F99B212DE47400315B5B /* Controller */ = {
			isa = PBXGroup;
			children = (
				7DB8F96F212DE21000315B5B /* ViewController.swift */,
				7DB8F9A3212DEDAF00315B5B /* AddObjectViewController.swift */,
				F1CA12B8212F7C9D000256C1 /* MyProtocol.swift */,
			);
			path = Controller;
			sourceTree = "<group>";
		};
		7DB8F99C212DE48900315B5B /* Storyboards */ = {
			isa = PBXGroup;
			children = (
				7DB8F971212DE21000315B5B /* Main.storyboard */,
				7DB8F9A5212E2E2F00315B5B /* EditingStoryboard.storyboard */,
				7DB8F976212DE21100315B5B /* LaunchScreen.storyboard */,
			);
			path = Storyboards;
			sourceTree = "<group>";
		};
		7DB8F99F212DE54A00315B5B /* View */ = {
			isa = PBXGroup;
			children = (
				7D8CA2AE212E4B88005AF67D /* ItemTableViewCell.swift */,
			);
			path = View;
			sourceTree = "<group>";
		};
		7DB8F9A2212DE7E700315B5B /* Model */ = {
			isa = PBXGroup;
			children = (
				F112073B212E174800AAB353 /* DemoData.swift */,
				F1DA98C0212F32A90079105F /* DemoData+SortEntireList.swift */,
				F1DA98BC212F325D0079105F /* DemoData+AddListItem.swift */,
				F1DA98BA212F31E50079105F /* DemoData+RemoveItem.swift */,
				F1DA98BE212F328C0079105F /* DemoData+MarkListItem.swift */,
				F16F8272212F50AF00135448 /* DemoData+AddToItemAmount.swift */,
				F16F8274212F50FD00135448 /* DemoData+SubtractFromItemAmount.swift */,
				7DB8F9A0212DE7E100315B5B /* Item.swift */,
				F1120738212DEA4F00AAB353 /* ListItem.h */,
				F1120739212DEA4F00AAB353 /* ListItem.m */,
				F1120737212DEA4F00AAB353 /* ShoppingList-Bridging-Header.h */,
			);
			path = Model;
			sourceTree = "<group>";
		};
/* End PBXGroup section */

/* Begin PBXNativeTarget section */
		7DB8F969212DE21000315B5B /* ShoppingList */ = {
			isa = PBXNativeTarget;
			buildConfigurationList = 7DB8F992212DE21100315B5B /* Build configuration list for PBXNativeTarget "ShoppingList" */;
			buildPhases = (
				7DB8F966212DE21000315B5B /* Sources */,
				7DB8F967212DE21000315B5B /* Frameworks */,
				7DB8F968212DE21000315B5B /* Resources */,
			);
			buildRules = (
			);
			dependencies = (
			);
			name = ShoppingList;
			productName = ShoppingList;
			productReference = 7DB8F96A212DE21000315B5B /* ShoppingList.app */;
			productType = "com.apple.product-type.application";
		};
		7DB8F97D212DE21100315B5B /* ShoppingListTests */ = {
			isa = PBXNativeTarget;
			buildConfigurationList = 7DB8F995212DE21100315B5B /* Build configuration list for PBXNativeTarget "ShoppingListTests" */;
			buildPhases = (
				7DB8F97A212DE21100315B5B /* Sources */,
				7DB8F97B212DE21100315B5B /* Frameworks */,
				7DB8F97C212DE21100315B5B /* Resources */,
			);
			buildRules = (
			);
			dependencies = (
				7DB8F980212DE21100315B5B /* PBXTargetDependency */,
			);
			name = ShoppingListTests;
			productName = ShoppingListTests;
			productReference = 7DB8F97E212DE21100315B5B /* ShoppingListTests.xctest */;
			productType = "com.apple.product-type.bundle.unit-test";
		};
		7DB8F988212DE21100315B5B /* ShoppingListUITests */ = {
			isa = PBXNativeTarget;
			buildConfigurationList = 7DB8F998212DE21100315B5B /* Build configuration list for PBXNativeTarget "ShoppingListUITests" */;
			buildPhases = (
				7DB8F985212DE21100315B5B /* Sources */,
				7DB8F986212DE21100315B5B /* Frameworks */,
				7DB8F987212DE21100315B5B /* Resources */,
			);
			buildRules = (
			);
			dependencies = (
				7DB8F98B212DE21100315B5B /* PBXTargetDependency */,
			);
			name = ShoppingListUITests;
			productName = ShoppingListUITests;
			productReference = 7DB8F989212DE21100315B5B /* ShoppingListUITests.xctest */;
			productType = "com.apple.product-type.bundle.ui-testing";
		};
/* End PBXNativeTarget section */

/* Begin PBXProject section */
		7DB8F962212DE21000315B5B /* Project object */ = {
			isa = PBXProject;
			attributes = {
				LastSwiftUpdateCheck = 0940;
				LastUpgradeCheck = 0940;
				ORGANIZATIONNAME = Jamie;
				TargetAttributes = {
					7DB8F969212DE21000315B5B = {
						CreatedOnToolsVersion = 9.4.1;
						LastSwiftMigration = 0940;
					};
					7DB8F97D212DE21100315B5B = {
						CreatedOnToolsVersion = 9.4.1;
						TestTargetID = 7DB8F969212DE21000315B5B;
					};
					7DB8F988212DE21100315B5B = {
						CreatedOnToolsVersion = 9.4.1;
						TestTargetID = 7DB8F969212DE21000315B5B;
					};
				};
			};
			buildConfigurationList = 7DB8F965212DE21000315B5B /* Build configuration list for PBXProject "ShoppingList" */;
			compatibilityVersion = "Xcode 9.3";
			developmentRegion = en;
			hasScannedForEncodings = 0;
			knownRegions = (
				en,
				Base,
			);
			mainGroup = 7DB8F961212DE21000315B5B;
			productRefGroup = 7DB8F96B212DE21000315B5B /* Products */;
			projectDirPath = "";
			projectRoot = "";
			targets = (
				7DB8F969212DE21000315B5B /* ShoppingList */,
				7DB8F97D212DE21100315B5B /* ShoppingListTests */,
				7DB8F988212DE21100315B5B /* ShoppingListUITests */,
			);
		};
/* End PBXProject section */

/* Begin PBXResourcesBuildPhase section */
		7DB8F968212DE21000315B5B /* Resources */ = {
			isa = PBXResourcesBuildPhase;
			buildActionMask = 2147483647;
			files = (
				7DB8F9A6212E2E2F00315B5B /* EditingStoryboard.storyboard in Resources */,
				7DB8F978212DE21100315B5B /* LaunchScreen.storyboard in Resources */,
				7DB8F975212DE21100315B5B /* Assets.xcassets in Resources */,
				7DB8F973212DE21000315B5B /* Main.storyboard in Resources */,
			);
			runOnlyForDeploymentPostprocessing = 0;
		};
		7DB8F97C212DE21100315B5B /* Resources */ = {
			isa = PBXResourcesBuildPhase;
			buildActionMask = 2147483647;
			files = (
			);
			runOnlyForDeploymentPostprocessing = 0;
		};
		7DB8F987212DE21100315B5B /* Resources */ = {
			isa = PBXResourcesBuildPhase;
			buildActionMask = 2147483647;
			files = (
			);
			runOnlyForDeploymentPostprocessing = 0;
		};
/* End PBXResourcesBuildPhase section */

/* Begin PBXSourcesBuildPhase section */
		7DB8F966212DE21000315B5B /* Sources */ = {
			isa = PBXSourcesBuildPhase;
			buildActionMask = 2147483647;
			files = (
				F1DA98C1212F32A90079105F /* DemoData+SortEntireList.swift in Sources */,
				F1DA98BB212F31E50079105F /* DemoData+RemoveItem.swift in Sources */,
				7DB8F9A1212DE7E100315B5B /* Item.swift in Sources */,
				F1DA98BF212F328C0079105F /* DemoData+MarkListItem.swift in Sources */,
				7DB8F970212DE21000315B5B /* ViewController.swift in Sources */,
				F112073C212E174800AAB353 /* DemoData.swift in Sources */,
				F1DA98BD212F325D0079105F /* DemoData+AddListItem.swift in Sources */,
				F1CA12B9212F7C9D000256C1 /* MyProtocol.swift in Sources */,
				7D8CA2AF212E4B88005AF67D /* ItemTableViewCell.swift in Sources */,
				7DB8F96E212DE21000315B5B /* AppDelegate.swift in Sources */,
				F112073A212DEA4F00AAB353 /* ListItem.m in Sources */,
				F16F8273212F50AF00135448 /* DemoData+AddToItemAmount.swift in Sources */,
				7DB8F9A4212DEDAF00315B5B /* AddObjectViewController.swift in Sources */,
				F16F8275212F50FD00135448 /* DemoData+SubtractFromItemAmount.swift in Sources */,
			);
			runOnlyForDeploymentPostprocessing = 0;
		};
		7DB8F97A212DE21100315B5B /* Sources */ = {
			isa = PBXSourcesBuildPhase;
			buildActionMask = 2147483647;
			files = (
				7DB8F983212DE21100315B5B /* ShoppingListTests.swift in Sources */,
			);
			runOnlyForDeploymentPostprocessing = 0;
		};
		7DB8F985212DE21100315B5B /* Sources */ = {
			isa = PBXSourcesBuildPhase;
			buildActionMask = 2147483647;
			files = (
				7DB8F98E212DE21100315B5B /* ShoppingListUITests.swift in Sources */,
			);
			runOnlyForDeploymentPostprocessing = 0;
		};
/* End PBXSourcesBuildPhase section */

/* Begin PBXTargetDependency section */
		7DB8F980212DE21100315B5B /* PBXTargetDependency */ = {
			isa = PBXTargetDependency;
			target = 7DB8F969212DE21000315B5B /* ShoppingList */;
			targetProxy = 7DB8F97F212DE21100315B5B /* PBXContainerItemProxy */;
		};
		7DB8F98B212DE21100315B5B /* PBXTargetDependency */ = {
			isa = PBXTargetDependency;
			target = 7DB8F969212DE21000315B5B /* ShoppingList */;
			targetProxy = 7DB8F98A212DE21100315B5B /* PBXContainerItemProxy */;
		};
/* End PBXTargetDependency section */

/* Begin PBXVariantGroup section */
		7DB8F971212DE21000315B5B /* Main.storyboard */ = {
			isa = PBXVariantGroup;
			children = (
				7DB8F972212DE21000315B5B /* Base */,
			);
			name = Main.storyboard;
			sourceTree = "<group>";
		};
		7DB8F976212DE21100315B5B /* LaunchScreen.storyboard */ = {
			isa = PBXVariantGroup;
			children = (
				7DB8F977212DE21100315B5B /* Base */,
			);
			name = LaunchScreen.storyboard;
			sourceTree = "<group>";
		};
/* End PBXVariantGroup section */

/* Begin XCBuildConfiguration section */
		7DB8F990212DE21100315B5B /* Debug */ = {
			isa = XCBuildConfiguration;
			buildSettings = {
				ALWAYS_SEARCH_USER_PATHS = NO;
				CLANG_ANALYZER_NONNULL = YES;
				CLANG_ANALYZER_NUMBER_OBJECT_CONVERSION = YES_AGGRESSIVE;
				CLANG_CXX_LANGUAGE_STANDARD = "gnu++14";
				CLANG_CXX_LIBRARY = "libc++";
				CLANG_ENABLE_MODULES = YES;
				CLANG_ENABLE_OBJC_ARC = YES;
				CLANG_ENABLE_OBJC_WEAK = YES;
				CLANG_WARN_BLOCK_CAPTURE_AUTORELEASING = YES;
				CLANG_WARN_BOOL_CONVERSION = YES;
				CLANG_WARN_COMMA = YES;
				CLANG_WARN_CONSTANT_CONVERSION = YES;
				CLANG_WARN_DEPRECATED_OBJC_IMPLEMENTATIONS = YES;
				CLANG_WARN_DIRECT_OBJC_ISA_USAGE = YES_ERROR;
				CLANG_WARN_DOCUMENTATION_COMMENTS = YES;
				CLANG_WARN_EMPTY_BODY = YES;
				CLANG_WARN_ENUM_CONVERSION = YES;
				CLANG_WARN_INFINITE_RECURSION = YES;
				CLANG_WARN_INT_CONVERSION = YES;
				CLANG_WARN_NON_LITERAL_NULL_CONVERSION = YES;
				CLANG_WARN_OBJC_IMPLICIT_RETAIN_SELF = YES;
				CLANG_WARN_OBJC_LITERAL_CONVERSION = YES;
				CLANG_WARN_OBJC_ROOT_CLASS = YES_ERROR;
				CLANG_WARN_RANGE_LOOP_ANALYSIS = YES;
				CLANG_WARN_STRICT_PROTOTYPES = YES;
				CLANG_WARN_SUSPICIOUS_MOVE = YES;
				CLANG_WARN_UNGUARDED_AVAILABILITY = YES_AGGRESSIVE;
				CLANG_WARN_UNREACHABLE_CODE = YES;
				CLANG_WARN__DUPLICATE_METHOD_MATCH = YES;
				CODE_SIGN_IDENTITY = "iPhone Developer";
				COPY_PHASE_STRIP = NO;
				DEBUG_INFORMATION_FORMAT = dwarf;
				ENABLE_STRICT_OBJC_MSGSEND = YES;
				ENABLE_TESTABILITY = YES;
				GCC_C_LANGUAGE_STANDARD = gnu11;
				GCC_DYNAMIC_NO_PIC = NO;
				GCC_NO_COMMON_BLOCKS = YES;
				GCC_OPTIMIZATION_LEVEL = 0;
				GCC_PREPROCESSOR_DEFINITIONS = (
					"DEBUG=1",
					"$(inherited)",
				);
				GCC_WARN_64_TO_32_BIT_CONVERSION = YES;
				GCC_WARN_ABOUT_RETURN_TYPE = YES_ERROR;
				GCC_WARN_UNDECLARED_SELECTOR = YES;
				GCC_WARN_UNINITIALIZED_AUTOS = YES_AGGRESSIVE;
				GCC_WARN_UNUSED_FUNCTION = YES;
				GCC_WARN_UNUSED_VARIABLE = YES;
				IPHONEOS_DEPLOYMENT_TARGET = 11.4;
				MTL_ENABLE_DEBUG_INFO = YES;
				ONLY_ACTIVE_ARCH = YES;
				SDKROOT = iphoneos;
				SWIFT_ACTIVE_COMPILATION_CONDITIONS = DEBUG;
				SWIFT_OPTIMIZATION_LEVEL = "-Onone";
			};
			name = Debug;
		};
		7DB8F991212DE21100315B5B /* Release */ = {
			isa = XCBuildConfiguration;
			buildSettings = {
				ALWAYS_SEARCH_USER_PATHS = NO;
				CLANG_ANALYZER_NONNULL = YES;
				CLANG_ANALYZER_NUMBER_OBJECT_CONVERSION = YES_AGGRESSIVE;
				CLANG_CXX_LANGUAGE_STANDARD = "gnu++14";
				CLANG_CXX_LIBRARY = "libc++";
				CLANG_ENABLE_MODULES = YES;
				CLANG_ENABLE_OBJC_ARC = YES;
				CLANG_ENABLE_OBJC_WEAK = YES;
				CLANG_WARN_BLOCK_CAPTURE_AUTORELEASING = YES;
				CLANG_WARN_BOOL_CONVERSION = YES;
				CLANG_WARN_COMMA = YES;
				CLANG_WARN_CONSTANT_CONVERSION = YES;
				CLANG_WARN_DEPRECATED_OBJC_IMPLEMENTATIONS = YES;
				CLANG_WARN_DIRECT_OBJC_ISA_USAGE = YES_ERROR;
				CLANG_WARN_DOCUMENTATION_COMMENTS = YES;
				CLANG_WARN_EMPTY_BODY = YES;
				CLANG_WARN_ENUM_CONVERSION = YES;
				CLANG_WARN_INFINITE_RECURSION = YES;
				CLANG_WARN_INT_CONVERSION = YES;
				CLANG_WARN_NON_LITERAL_NULL_CONVERSION = YES;
				CLANG_WARN_OBJC_IMPLICIT_RETAIN_SELF = YES;
				CLANG_WARN_OBJC_LITERAL_CONVERSION = YES;
				CLANG_WARN_OBJC_ROOT_CLASS = YES_ERROR;
				CLANG_WARN_RANGE_LOOP_ANALYSIS = YES;
				CLANG_WARN_STRICT_PROTOTYPES = YES;
				CLANG_WARN_SUSPICIOUS_MOVE = YES;
				CLANG_WARN_UNGUARDED_AVAILABILITY = YES_AGGRESSIVE;
				CLANG_WARN_UNREACHABLE_CODE = YES;
				CLANG_WARN__DUPLICATE_METHOD_MATCH = YES;
				CODE_SIGN_IDENTITY = "iPhone Developer";
				COPY_PHASE_STRIP = NO;
				DEBUG_INFORMATION_FORMAT = "dwarf-with-dsym";
				ENABLE_NS_ASSERTIONS = NO;
				ENABLE_STRICT_OBJC_MSGSEND = YES;
				GCC_C_LANGUAGE_STANDARD = gnu11;
				GCC_NO_COMMON_BLOCKS = YES;
				GCC_WARN_64_TO_32_BIT_CONVERSION = YES;
				GCC_WARN_ABOUT_RETURN_TYPE = YES_ERROR;
				GCC_WARN_UNDECLARED_SELECTOR = YES;
				GCC_WARN_UNINITIALIZED_AUTOS = YES_AGGRESSIVE;
				GCC_WARN_UNUSED_FUNCTION = YES;
				GCC_WARN_UNUSED_VARIABLE = YES;
				IPHONEOS_DEPLOYMENT_TARGET = 11.4;
				MTL_ENABLE_DEBUG_INFO = NO;
				SDKROOT = iphoneos;
				SWIFT_COMPILATION_MODE = wholemodule;
				SWIFT_OPTIMIZATION_LEVEL = "-O";
				VALIDATE_PRODUCT = YES;
			};
			name = Release;
		};
		7DB8F993212DE21100315B5B /* Debug */ = {
			isa = XCBuildConfiguration;
			buildSettings = {
				ASSETCATALOG_COMPILER_APPICON_NAME = AppIcon;
				CLANG_ENABLE_MODULES = YES;
				CODE_SIGN_STYLE = Automatic;
				INFOPLIST_FILE = ShoppingList/Info.plist;
				LD_RUNPATH_SEARCH_PATHS = (
					"$(inherited)",
					"@executable_path/Frameworks",
				);
				PRODUCT_BUNDLE_IDENTIFIER = "Feeny-Corp.ShoppingList";
				PRODUCT_NAME = "$(TARGET_NAME)";
				SWIFT_OBJC_BRIDGING_HEADER = "ShoppingList/Model/ShoppingList-Bridging-Header.h";
				SWIFT_OPTIMIZATION_LEVEL = "-Onone";
				SWIFT_VERSION = 4.0;
				TARGETED_DEVICE_FAMILY = "1,2";
			};
			name = Debug;
		};
		7DB8F994212DE21100315B5B /* Release */ = {
			isa = XCBuildConfiguration;
			buildSettings = {
				ASSETCATALOG_COMPILER_APPICON_NAME = AppIcon;
				CLANG_ENABLE_MODULES = YES;
				CODE_SIGN_STYLE = Automatic;
				INFOPLIST_FILE = ShoppingList/Info.plist;
				LD_RUNPATH_SEARCH_PATHS = (
					"$(inherited)",
					"@executable_path/Frameworks",
				);
				PRODUCT_BUNDLE_IDENTIFIER = "Feeny-Corp.ShoppingList";
				PRODUCT_NAME = "$(TARGET_NAME)";
				SWIFT_OBJC_BRIDGING_HEADER = "ShoppingList/Model/ShoppingList-Bridging-Header.h";
				SWIFT_VERSION = 4.0;
				TARGETED_DEVICE_FAMILY = "1,2";
			};
			name = Release;
		};
		7DB8F996212DE21100315B5B /* Debug */ = {
			isa = XCBuildConfiguration;
			buildSettings = {
				ALWAYS_EMBED_SWIFT_STANDARD_LIBRARIES = YES;
				BUNDLE_LOADER = "$(TEST_HOST)";
				CODE_SIGN_STYLE = Automatic;
				INFOPLIST_FILE = ShoppingListTests/Info.plist;
				LD_RUNPATH_SEARCH_PATHS = (
					"$(inherited)",
					"@executable_path/Frameworks",
					"@loader_path/Frameworks",
				);
				PRODUCT_BUNDLE_IDENTIFIER = "Feeny-Corp.ShoppingListTests";
				PRODUCT_NAME = "$(TARGET_NAME)";
				SWIFT_VERSION = 4.0;
				TARGETED_DEVICE_FAMILY = "1,2";
				TEST_HOST = "$(BUILT_PRODUCTS_DIR)/ShoppingList.app/ShoppingList";
			};
			name = Debug;
		};
		7DB8F997212DE21100315B5B /* Release */ = {
			isa = XCBuildConfiguration;
			buildSettings = {
				ALWAYS_EMBED_SWIFT_STANDARD_LIBRARIES = YES;
				BUNDLE_LOADER = "$(TEST_HOST)";
				CODE_SIGN_STYLE = Automatic;
				INFOPLIST_FILE = ShoppingListTests/Info.plist;
				LD_RUNPATH_SEARCH_PATHS = (
					"$(inherited)",
					"@executable_path/Frameworks",
					"@loader_path/Frameworks",
				);
				PRODUCT_BUNDLE_IDENTIFIER = "Feeny-Corp.ShoppingListTests";
				PRODUCT_NAME = "$(TARGET_NAME)";
				SWIFT_VERSION = 4.0;
				TARGETED_DEVICE_FAMILY = "1,2";
				TEST_HOST = "$(BUILT_PRODUCTS_DIR)/ShoppingList.app/ShoppingList";
			};
			name = Release;
		};
		7DB8F999212DE21100315B5B /* Debug */ = {
			isa = XCBuildConfiguration;
			buildSettings = {
				ALWAYS_EMBED_SWIFT_STANDARD_LIBRARIES = YES;
				CODE_SIGN_STYLE = Automatic;
				INFOPLIST_FILE = ShoppingListUITests/Info.plist;
				LD_RUNPATH_SEARCH_PATHS = (
					"$(inherited)",
					"@executable_path/Frameworks",
					"@loader_path/Frameworks",
				);
				PRODUCT_BUNDLE_IDENTIFIER = "Feeny-Corp.ShoppingListUITests";
				PRODUCT_NAME = "$(TARGET_NAME)";
				SWIFT_VERSION = 4.0;
				TARGETED_DEVICE_FAMILY = "1,2";
				TEST_TARGET_NAME = ShoppingList;
			};
			name = Debug;
		};
		7DB8F99A212DE21100315B5B /* Release */ = {
			isa = XCBuildConfiguration;
			buildSettings = {
				ALWAYS_EMBED_SWIFT_STANDARD_LIBRARIES = YES;
				CODE_SIGN_STYLE = Automatic;
				INFOPLIST_FILE = ShoppingListUITests/Info.plist;
				LD_RUNPATH_SEARCH_PATHS = (
					"$(inherited)",
					"@executable_path/Frameworks",
					"@loader_path/Frameworks",
				);
				PRODUCT_BUNDLE_IDENTIFIER = "Feeny-Corp.ShoppingListUITests";
				PRODUCT_NAME = "$(TARGET_NAME)";
				SWIFT_VERSION = 4.0;
				TARGETED_DEVICE_FAMILY = "1,2";
				TEST_TARGET_NAME = ShoppingList;
			};
			name = Release;
		};
/* End XCBuildConfiguration section */

/* Begin XCConfigurationList section */
		7DB8F965212DE21000315B5B /* Build configuration list for PBXProject "ShoppingList" */ = {
			isa = XCConfigurationList;
			buildConfigurations = (
				7DB8F990212DE21100315B5B /* Debug */,
				7DB8F991212DE21100315B5B /* Release */,
			);
			defaultConfigurationIsVisible = 0;
			defaultConfigurationName = Release;
		};
		7DB8F992212DE21100315B5B /* Build configuration list for PBXNativeTarget "ShoppingList" */ = {
			isa = XCConfigurationList;
			buildConfigurations = (
				7DB8F993212DE21100315B5B /* Debug */,
				7DB8F994212DE21100315B5B /* Release */,
			);
			defaultConfigurationIsVisible = 0;
			defaultConfigurationName = Release;
		};
		7DB8F995212DE21100315B5B /* Build configuration list for PBXNativeTarget "ShoppingListTests" */ = {
			isa = XCConfigurationList;
			buildConfigurations = (
				7DB8F996212DE21100315B5B /* Debug */,
				7DB8F997212DE21100315B5B /* Release */,
			);
			defaultConfigurationIsVisible = 0;
			defaultConfigurationName = Release;
		};
		7DB8F998212DE21100315B5B /* Build configuration list for PBXNativeTarget "ShoppingListUITests" */ = {
			isa = XCConfigurationList;
			buildConfigurations = (
				7DB8F999212DE21100315B5B /* Debug */,
				7DB8F99A212DE21100315B5B /* Release */,
			);
			defaultConfigurationIsVisible = 0;
			defaultConfigurationName = Release;
		};
/* End XCConfigurationList section */
	};
	rootObject = 7DB8F962212DE21000315B5B /* Project object */;
}
